
Microsoft Visual Studio Solution File, Format Version 12.00
# Visual Studio Version 17
VisualStudioVersion = 17.0.31903.59
MinimumVisualStudioVersion = 10.0.40219.1
Project("{2150E333-8FDC-42A3-9474-1A3956D46DE8}") = "src", "src", "{827E0CD3-B72D-47B6-A68D-7590B98EB39B}"
EndProject
Project("{FAE04EC0-301F-11D3-BF4B-00C04F79EFBC}") = "CardDemo.Batch", "src\CardDemo.Batch\CardDemo.Batch.csproj", "{60CB74FF-A2CC-47BC-958D-7F027BDD879D}"
EndProject
Project("{FAE04EC0-301F-11D3-BF4B-00C04F79EFBC}") = "CardDemo.Cobol.Runtime", "src\CardDemo.Cobol.Runtime\CardDemo.Cobol.Runtime.csproj", "{2703162F-7625-407D-8EE0-BFB246D4E465}"
EndProject
Project("{FAE04EC0-301F-11D3-BF4B-00C04F79EFBC}") = "CardDemo.Utilities", "src\CardDemo.Utilities\CardDemo.Utilities.csproj", "{6A125FDA-D406-4AEA-9AA1-D31B2A5F971B}"
EndProject
Project("{FAE04EC0-301F-11D3-BF4B-00C04F79EFBC}") = "CardDemo.Records", "src\CardDemo.Records\CardDemo.Records.csproj", "{48975853-639E-4C6E-851E-8D79F155E300}"
EndProject
Project("{FAE04EC0-301F-11D3-BF4B-00C04F79EFBC}") = "CardDemo.Data", "src\CardDemo.Data\CardDemo.Data.csproj", "{7E383782-DE41-4453-B62C-F7743F310595}"
EndProject
Project("{FAE04EC0-301F-11D3-BF4B-00C04F79EFBC}") = "CardDemo.JobControl", "src\CardDemo.JobControl\CardDemo.JobControl.csproj", "{3117D2B7-D013-4CDF-B38B-30EEA349F2A8}"
EndProject
Project("{FAE04EC0-301F-11D3-BF4B-00C04F79EFBC}") = "CardDemo.ConsoleApp", "src\CardDemo.ConsoleApp\CardDemo.ConsoleApp.csproj", "{ECCC5D57-3BE6-4B9F-9D51-661881BA0683}"
EndProject
Project("{FAE04EC0-301F-11D3-BF4B-00C04F79EFBC}") = "CardDemo.Online", "src\CardDemo.Online\CardDemo.Online.csproj", "{E9729BBA-BE3A-4884-9CFD-5D2ACF02134F}"
EndProject
Project("{FAE04EC0-301F-11D3-BF4B-00C04F79EFBC}") = "CardDemo.Db2", "src\CardDemo.Db2\CardDemo.Db2.csproj", "{9CA0E613-9871-49D5-B4C4-1CFB01CC44DB}"
EndProject
Project("{FAE04EC0-301F-11D3-BF4B-00C04F79EFBC}") = "CardDemo.Ims", "src\CardDemo.Ims\CardDemo.Ims.csproj", "{7F7787C2-A399-46D0-A226-748DB3442789}"
EndProject
Project("{FAE04EC0-301F-11D3-BF4B-00C04F79EFBC}") = "CardDemo.Mq", "src\CardDemo.Mq\CardDemo.Mq.csproj", "{3A33454D-06C3-491F-B841-3DC4B06758C7}"
EndProject
Project("{FAE04EC0-301F-11D3-BF4B-00C04F79EFBC}") = "CardDemo.Tooling", "src\CardDemo.Tooling\CardDemo.Tooling.csproj", "{8D73641E-B1C1-49FC-A923-388DFA6EF95C}"
EndProject
Project("{FAE04EC0-301F-11D3-BF4B-00C04F79EFBC}") = "CardDemo.Domain", "src\CardDemo.Domain\CardDemo.Domain.csproj", "{692DEF78-DB86-4682-BE0E-5585C5E48E3B}"
EndProject
Project("{FAE04EC0-301F-11D3-BF4B-00C04F79EFBC}") = "CardDemo.Import", "src\CardDemo.Import\CardDemo.Import.csproj", "{45B2B857-9F5C-4B94-9AC9-0966248B933D}"
EndProject
Project("{2150E333-8FDC-42A3-9474-1A3956D46DE8}") = "tests", "tests", "{0AB3BF05-4346-4AA6-1389-037BE0695223}"
EndProject
Project("{FAE04EC0-301F-11D3-BF4B-00C04F79EFBC}") = "CardDemo.Parity.Tests", "tests\CardDemo.Parity.Tests\CardDemo.Parity.Tests.csproj", "{8A785D81-AD44-48F8-BFCD-7527CB482D3A}"
EndProject
Project("{FAE04EC0-301F-11D3-BF4B-00C04F79EFBC}") = "CardDemo.Tests", "tests\CardDemo.Tests\CardDemo.Tests.csproj", "{462FFB0A-C205-4617-80D4-D125047BA638}"
EndProject
Global
	GlobalSection(SolutionConfigurationPlatforms) = preSolution
		Debug|Any CPU = Debug|Any CPU
		Debug|x64 = Debug|x64
		Debug|x86 = Debug|x86
		Release|Any CPU = Release|Any CPU
		Release|x64 = Release|x64
		Release|x86 = Release|x86
	EndGlobalSection
	GlobalSection(ProjectConfigurationPlatforms) = postSolution
		{60CB74FF-A2CC-47BC-958D-7F027BDD879D}.Debug|Any CPU.ActiveCfg = Debug|Any CPU
		{60CB74FF-A2CC-47BC-958D-7F027BDD879D}.Debug|Any CPU.Build.0 = Debug|Any CPU
		{60CB74FF-A2CC-47BC-958D-7F027BDD879D}.Debug|x64.ActiveCfg = Debug|Any CPU
		{60CB74FF-A2CC-47BC-958D-7F027BDD879D}.Debug|x64.Build.0 = Debug|Any CPU
		{60CB74FF-A2CC-47BC-958D-7F027BDD879D}.Debug|x86.ActiveCfg = Debug|Any CPU
		{60CB74FF-A2CC-47BC-958D-7F027BDD879D}.Debug|x86.Build.0 = Debug|Any CPU
		{60CB74FF-A2CC-47BC-958D-7F027BDD879D}.Release|Any CPU.ActiveCfg = Release|Any CPU
		{60CB74FF-A2CC-47BC-958D-7F027BDD879D}.Release|Any CPU.Build.0 = Release|Any CPU
		{60CB74FF-A2CC-47BC-958D-7F027BDD879D}.Release|x64.ActiveCfg = Release|Any CPU
		{60CB74FF-A2CC-47BC-958D-7F027BDD879D}.Release|x64.Build.0 = Release|Any CPU
		{60CB74FF-A2CC-47BC-958D-7F027BDD879D}.Release|x86.ActiveCfg = Release|Any CPU
		{60CB74FF-A2CC-47BC-958D-7F027BDD879D}.Release|x86.Build.0 = Release|Any CPU
		{2703162F-7625-407D-8EE0-BFB246D4E465}.Debug|Any CPU.ActiveCfg = Debug|Any CPU
		{2703162F-7625-407D-8EE0-BFB246D4E465}.Debug|Any CPU.Build.0 = Debug|Any CPU
		{2703162F-7625-407D-8EE0-BFB246D4E465}.Debug|x64.ActiveCfg = Debug|Any CPU
		{2703162F-7625-407D-8EE0-BFB246D4E465}.Debug|x64.Build.0 = Debug|Any CPU
		{2703162F-7625-407D-8EE0-BFB246D4E465}.Debug|x86.ActiveCfg = Debug|Any CPU
		{2703162F-7625-407D-8EE0-BFB246D4E465}.Debug|x86.Build.0 = Debug|Any CPU
		{2703162F-7625-407D-8EE0-BFB246D4E465}.Release|Any CPU.ActiveCfg = Release|Any CPU
		{2703162F-7625-407D-8EE0-BFB246D4E465}.Release|Any CPU.Build.0 = Release|Any CPU
		{2703162F-7625-407D-8EE0-BFB246D4E465}.Release|x64.ActiveCfg = Release|Any CPU
		{2703162F-7625-407D-8EE0-BFB246D4E465}.Release|x64.Build.0 = Release|Any CPU
		{2703162F-7625-407D-8EE0-BFB246D4E465}.Release|x86.ActiveCfg = Release|Any CPU
		{2703162F-7625-407D-8EE0-BFB246D4E465}.Release|x86.Build.0 = Release|Any CPU
		{6A125FDA-D406-4AEA-9AA1-D31B2A5F971B}.Debug|Any CPU.ActiveCfg = Debug|Any CPU
		{6A125FDA-D406-4AEA-9AA1-D31B2A5F971B}.Debug|Any CPU.Build.0 = Debug|Any CPU
		{6A125FDA-D406-4AEA-9AA1-D31B2A5F971B}.Debug|x64.ActiveCfg = Debug|Any CPU
		{6A125FDA-D406-4AEA-9AA1-D31B2A5F971B}.Debug|x64.Build.0 = Debug|Any CPU
		{6A125FDA-D406-4AEA-9AA1-D31B2A5F971B}.Debug|x86.ActiveCfg = Debug|Any CPU
		{6A125FDA-D406-4AEA-9AA1-D31B2A5F971B}.Debug|x86.Build.0 = Debug|Any CPU
		{6A125FDA-D406-4AEA-9AA1-D31B2A5F971B}.Release|Any CPU.ActiveCfg = Release|Any CPU
		{6A125FDA-D406-4AEA-9AA1-D31B2A5F971B}.Release|Any CPU.Build.0 = Release|Any CPU
		{6A125FDA-D406-4AEA-9AA1-D31B2A5F971B}.Release|x64.ActiveCfg = Release|Any CPU
		{6A125FDA-D406-4AEA-9AA1-D31B2A5F971B}.Release|x64.Build.0 = Release|Any CPU
		{6A125FDA-D406-4AEA-9AA1-D31B2A5F971B}.Release|x86.ActiveCfg = Release|Any CPU
		{6A125FDA-D406-4AEA-9AA1-D31B2A5F971B}.Release|x86.Build.0 = Release|Any CPU
		{48975853-639E-4C6E-851E-8D79F155E300}.Debug|Any CPU.ActiveCfg = Debug|Any CPU
		{48975853-639E-4C6E-851E-8D79F155E300}.Debug|Any CPU.Build.0 = Debug|Any CPU
		{48975853-639E-4C6E-851E-8D79F155E300}.Debug|x64.ActiveCfg = Debug|Any CPU
		{48975853-639E-4C6E-851E-8D79F155E300}.Debug|x64.Build.0 = Debug|Any CPU
		{48975853-639E-4C6E-851E-8D79F155E300}.Debug|x86.ActiveCfg = Debug|Any CPU
		{48975853-639E-4C6E-851E-8D79F155E300}.Debug|x86.Build.0 = Debug|Any CPU
		{48975853-639E-4C6E-851E-8D79F155E300}.Release|Any CPU.ActiveCfg = Release|Any CPU
		{48975853-639E-4C6E-851E-8D79F155E300}.Release|Any CPU.Build.0 = Release|Any CPU
		{48975853-639E-4C6E-851E-8D79F155E300}.Release|x64.ActiveCfg = Release|Any CPU
		{48975853-639E-4C6E-851E-8D79F155E300}.Release|x64.Build.0 = Release|Any CPU
		{48975853-639E-4C6E-851E-8D79F155E300}.Release|x86.ActiveCfg = Release|Any CPU
		{48975853-639E-4C6E-851E-8D79F155E300}.Release|x86.Build.0 = Release|Any CPU
		{7E383782-DE41-4453-B62C-F7743F310595}.Debug|Any CPU.ActiveCfg = Debug|Any CPU
		{7E383782-DE41-4453-B62C-F7743F310595}.Debug|Any CPU.Build.0 = Debug|Any CPU
		{7E383782-DE41-4453-B62C-F7743F310595}.Debug|x64.ActiveCfg = Debug|Any CPU
		{7E383782-DE41-4453-B62C-F7743F310595}.Debug|x64.Build.0 = Debug|Any CPU
		{7E383782-DE41-4453-B62C-F7743F310595}.Debug|x86.ActiveCfg = Debug|Any CPU
		{7E383782-DE41-4453-B62C-F7743F310595}.Debug|x86.Build.0 = Debug|Any CPU
		{7E383782-DE41-4453-B62C-F7743F310595}.Release|Any CPU.ActiveCfg = Release|Any CPU
		{7E383782-DE41-4453-B62C-F7743F310595}.Release|Any CPU.Build.0 = Release|Any CPU
		{7E383782-DE41-4453-B62C-F7743F310595}.Release|x64.ActiveCfg = Release|Any CPU
		{7E383782-DE41-4453-B62C-F7743F310595}.Release|x64.Build.0 = Release|Any CPU
		{7E383782-DE41-4453-B62C-F7743F310595}.Release|x86.ActiveCfg = Release|Any CPU
		{7E383782-DE41-4453-B62C-F7743F310595}.Release|x86.Build.0 = Release|Any CPU
		{3117D2B7-D013-4CDF-B38B-30EEA349F2A8}.Debug|Any CPU.ActiveCfg = Debug|Any CPU
		{3117D2B7-D013-4CDF-B38B-30EEA349F2A8}.Debug|Any CPU.Build.0 = Debug|Any CPU
		{3117D2B7-D013-4CDF-B38B-30EEA349F2A8}.Debug|x64.ActiveCfg = Debug|Any CPU
		{3117D2B7-D013-4CDF-B38B-30EEA349F2A8}.Debug|x64.Build.0 = Debug|Any CPU
		{3117D2B7-D013-4CDF-B38B-30EEA349F2A8}.Debug|x86.ActiveCfg = Debug|Any CPU
		{3117D2B7-D013-4CDF-B38B-30EEA349F2A8}.Debug|x86.Build.0 = Debug|Any CPU
		{3117D2B7-D013-4CDF-B38B-30EEA349F2A8}.Release|Any CPU.ActiveCfg = Release|Any CPU
		{3117D2B7-D013-4CDF-B38B-30EEA349F2A8}.Release|Any CPU.Build.0 = Release|Any CPU
		{3117D2B7-D013-4CDF-B38B-30EEA349F2A8}.Release|x64.ActiveCfg = Release|Any CPU
		{3117D2B7-D013-4CDF-B38B-30EEA349F2A8}.Release|x64.Build.0 = Release|Any CPU
		{3117D2B7-D013-4CDF-B38B-30EEA349F2A8}.Release|x86.ActiveCfg = Release|Any CPU
		{3117D2B7-D013-4CDF-B38B-30EEA349F2A8}.Release|x86.Build.0 = Release|Any CPU
		{ECCC5D57-3BE6-4B9F-9D51-661881BA0683}.Debug|Any CPU.ActiveCfg = Debug|Any CPU
		{ECCC5D57-3BE6-4B9F-9D51-661881BA0683}.Debug|Any CPU.Build.0 = Debug|Any CPU
		{ECCC5D57-3BE6-4B9F-9D51-661881BA0683}.Debug|x64.ActiveCfg = Debug|Any CPU
		{ECCC5D57-3BE6-4B9F-9D51-661881BA0683}.Debug|x64.Build.0 = Debug|Any CPU
		{ECCC5D57-3BE6-4B9F-9D51-661881BA0683}.Debug|x86.ActiveCfg = Debug|Any CPU
		{ECCC5D57-3BE6-4B9F-9D51-661881BA0683}.Debug|x86.Build.0 = Debug|Any CPU
		{ECCC5D57-3BE6-4B9F-9D51-661881BA0683}.Release|Any CPU.ActiveCfg = Release|Any CPU
		{ECCC5D57-3BE6-4B9F-9D51-661881BA0683}.Release|Any CPU.Build.0 = Release|Any CPU
		{ECCC5D57-3BE6-4B9F-9D51-661881BA0683}.Release|x64.ActiveCfg = Release|Any CPU
		{ECCC5D57-3BE6-4B9F-9D51-661881BA0683}.Release|x64.Build.0 = Release|Any CPU
		{ECCC5D57-3BE6-4B9F-9D51-661881BA0683}.Release|x86.ActiveCfg = Release|Any CPU
		{ECCC5D57-3BE6-4B9F-9D51-661881BA0683}.Release|x86.Build.0 = Release|Any CPU
		{E9729BBA-BE3A-4884-9CFD-5D2ACF02134F}.Debug|Any CPU.ActiveCfg = Debug|Any CPU
		{E9729BBA-BE3A-4884-9CFD-5D2ACF02134F}.Debug|Any CPU.Build.0 = Debug|Any CPU
		{E9729BBA-BE3A-4884-9CFD-5D2ACF02134F}.Debug|x64.ActiveCfg = Debug|Any CPU
		{E9729BBA-BE3A-4884-9CFD-5D2ACF02134F}.Debug|x64.Build.0 = Debug|Any CPU
		{E9729BBA-BE3A-4884-9CFD-5D2ACF02134F}.Debug|x86.ActiveCfg = Debug|Any CPU
		{E9729BBA-BE3A-4884-9CFD-5D2ACF02134F}.Debug|x86.Build.0 = Debug|Any CPU
		{E9729BBA-BE3A-4884-9CFD-5D2ACF02134F}.Release|Any CPU.ActiveCfg = Release|Any CPU
		{E9729BBA-BE3A-4884-9CFD-5D2ACF02134F}.Release|Any CPU.Build.0 = Release|Any CPU
		{E9729BBA-BE3A-4884-9CFD-5D2ACF02134F}.Release|x64.ActiveCfg = Release|Any CPU
		{E9729BBA-BE3A-4884-9CFD-5D2ACF02134F}.Release|x64.Build.0 = Release|Any CPU
		{E9729BBA-BE3A-4884-9CFD-5D2ACF02134F}.Release|x86.ActiveCfg = Release|Any CPU
		{E9729BBA-BE3A-4884-9CFD-5D2ACF02134F}.Release|x86.Build.0 = Release|Any CPU
		{9CA0E613-9871-49D5-B4C4-1CFB01CC44DB}.Debug|Any CPU.ActiveCfg = Debug|Any CPU
		{9CA0E613-9871-49D5-B4C4-1CFB01CC44DB}.Debug|Any CPU.Build.0 = Debug|Any CPU
		{9CA0E613-9871-49D5-B4C4-1CFB01CC44DB}.Debug|x64.ActiveCfg = Debug|Any CPU
		{9CA0E613-9871-49D5-B4C4-1CFB01CC44DB}.Debug|x64.Build.0 = Debug|Any CPU
		{9CA0E613-9871-49D5-B4C4-1CFB01CC44DB}.Debug|x86.ActiveCfg = Debug|Any CPU
		{9CA0E613-9871-49D5-B4C4-1CFB01CC44DB}.Debug|x86.Build.0 = Debug|Any CPU
		{9CA0E613-9871-49D5-B4C4-1CFB01CC44DB}.Release|Any CPU.ActiveCfg = Release|Any CPU
		{9CA0E613-9871-49D5-B4C4-1CFB01CC44DB}.Release|Any CPU.Build.0 = Release|Any CPU
		{9CA0E613-9871-49D5-B4C4-1CFB01CC44DB}.Release|x64.ActiveCfg = Release|Any CPU
		{9CA0E613-9871-49D5-B4C4-1CFB01CC44DB}.Release|x64.Build.0 = Release|Any CPU
		{9CA0E613-9871-49D5-B4C4-1CFB01CC44DB}.Release|x86.ActiveCfg = Release|Any CPU
		{9CA0E613-9871-49D5-B4C4-1CFB01CC44DB}.Release|x86.Build.0 = Release|Any CPU
		{7F7787C2-A399-46D0-A226-748DB3442789}.Debug|Any CPU.ActiveCfg = Debug|Any CPU
		{7F7787C2-A399-46D0-A226-748DB3442789}.Debug|Any CPU.Build.0 = Debug|Any CPU
		{7F7787C2-A399-46D0-A226-748DB3442789}.Debug|x64.ActiveCfg = Debug|Any CPU
		{7F7787C2-A399-46D0-A226-748DB3442789}.Debug|x64.Build.0 = Debug|Any CPU
		{7F7787C2-A399-46D0-A226-748DB3442789}.Debug|x86.ActiveCfg = Debug|Any CPU
		{7F7787C2-A399-46D0-A226-748DB3442789}.Debug|x86.Build.0 = Debug|Any CPU
		{7F7787C2-A399-46D0-A226-748DB3442789}.Release|Any CPU.ActiveCfg = Release|Any CPU
		{7F7787C2-A399-46D0-A226-748DB3442789}.Release|Any CPU.Build.0 = Release|Any CPU
		{7F7787C2-A399-46D0-A226-748DB3442789}.Release|x64.ActiveCfg = Release|Any CPU
		{7F7787C2-A399-46D0-A226-748DB3442789}.Release|x64.Build.0 = Release|Any CPU
		{7F7787C2-A399-46D0-A226-748DB3442789}.Release|x86.ActiveCfg = Release|Any CPU
		{7F7787C2-A399-46D0-A226-748DB3442789}.Release|x86.Build.0 = Release|Any CPU
		{3A33454D-06C3-491F-B841-3DC4B06758C7}.Debug|Any CPU.ActiveCfg = Debug|Any CPU
		{3A33454D-06C3-491F-B841-3DC4B06758C7}.Debug|Any CPU.Build.0 = Debug|Any CPU
		{3A33454D-06C3-491F-B841-3DC4B06758C7}.Debug|x64.ActiveCfg = Debug|Any CPU
		{3A33454D-06C3-491F-B841-3DC4B06758C7}.Debug|x64.Build.0 = Debug|Any CPU
		{3A33454D-06C3-491F-B841-3DC4B06758C7}.Debug|x86.ActiveCfg = Debug|Any CPU
		{3A33454D-06C3-491F-B841-3DC4B06758C7}.Debug|x86.Build.0 = Debug|Any CPU
		{3A33454D-06C3-491F-B841-3DC4B06758C7}.Release|Any CPU.ActiveCfg = Release|Any CPU
		{3A33454D-06C3-491F-B841-3DC4B06758C7}.Release|Any CPU.Build.0 = Release|Any CPU
		{3A33454D-06C3-491F-B841-3DC4B06758C7}.Release|x64.ActiveCfg = Release|Any CPU
		{3A33454D-06C3-491F-B841-3DC4B06758C7}.Release|x64.Build.0 = Release|Any CPU
		{3A33454D-06C3-491F-B841-3DC4B06758C7}.Release|x86.ActiveCfg = Release|Any CPU
		{3A33454D-06C3-491F-B841-3DC4B06758C7}.Release|x86.Build.0 = Release|Any CPU
		{8D73641E-B1C1-49FC-A923-388DFA6EF95C}.Debug|Any CPU.ActiveCfg = Debug|Any CPU
		{8D73641E-B1C1-49FC-A923-388DFA6EF95C}.Debug|Any CPU.Build.0 = Debug|Any CPU
		{8D73641E-B1C1-49FC-A923-388DFA6EF95C}.Debug|x64.ActiveCfg = Debug|Any CPU
		{8D73641E-B1C1-49FC-A923-388DFA6EF95C}.Debug|x64.Build.0 = Debug|Any CPU
		{8D73641E-B1C1-49FC-A923-388DFA6EF95C}.Debug|x86.ActiveCfg = Debug|Any CPU
		{8D73641E-B1C1-49FC-A923-388DFA6EF95C}.Debug|x86.Build.0 = Debug|Any CPU
		{8D73641E-B1C1-49FC-A923-388DFA6EF95C}.Release|Any CPU.ActiveCfg = Release|Any CPU
		{8D73641E-B1C1-49FC-A923-388DFA6EF95C}.Release|Any CPU.Build.0 = Release|Any CPU
		{8D73641E-B1C1-49FC-A923-388DFA6EF95C}.Release|x64.ActiveCfg = Release|Any CPU
		{8D73641E-B1C1-49FC-A923-388DFA6EF95C}.Release|x64.Build.0 = Release|Any CPU
		{8D73641E-B1C1-49FC-A923-388DFA6EF95C}.Release|x86.ActiveCfg = Release|Any CPU
		{8D73641E-B1C1-49FC-A923-388DFA6EF95C}.Release|x86.Build.0 = Release|Any CPU
		{692DEF78-DB86-4682-BE0E-5585C5E48E3B}.Debug|Any CPU.ActiveCfg = Debug|Any CPU
		{692DEF78-DB86-4682-BE0E-5585C5E48E3B}.Debug|Any CPU.Build.0 = Debug|Any CPU
		{692DEF78-DB86-4682-BE0E-5585C5E48E3B}.Debug|x64.ActiveCfg = Debug|Any CPU
		{692DEF78-DB86-4682-BE0E-5585C5E48E3B}.Debug|x64.Build.0 = Debug|Any CPU
		{692DEF78-DB86-4682-BE0E-5585C5E48E3B}.Debug|x86.ActiveCfg = Debug|Any CPU
		{692DEF78-DB86-4682-BE0E-5585C5E48E3B}.Debug|x86.Build.0 = Debug|Any CPU
		{692DEF78-DB86-4682-BE0E-5585C5E48E3B}.Release|Any CPU.ActiveCfg = Release|Any CPU
		{692DEF78-DB86-4682-BE0E-5585C5E48E3B}.Release|Any CPU.Build.0 = Release|Any CPU
		{692DEF78-DB86-4682-BE0E-5585C5E48E3B}.Release|x64.ActiveCfg = Release|Any CPU
		{692DEF78-DB86-4682-BE0E-5585C5E48E3B}.Release|x64.Build.0 = Release|Any CPU
		{692DEF78-DB86-4682-BE0E-5585C5E48E3B}.Release|x86.ActiveCfg = Release|Any CPU
		{692DEF78-DB86-4682-BE0E-5585C5E48E3B}.Release|x86.Build.0 = Release|Any CPU
		{45B2B857-9F5C-4B94-9AC9-0966248B933D}.Debug|Any CPU.ActiveCfg = Debug|Any CPU
		{45B2B857-9F5C-4B94-9AC9-0966248B933D}.Debug|Any CPU.Build.0 = Debug|Any CPU
		{45B2B857-9F5C-4B94-9AC9-0966248B933D}.Debug|x64.ActiveCfg = Debug|Any CPU
		{45B2B857-9F5C-4B94-9AC9-0966248B933D}.Debug|x64.Build.0 = Debug|Any CPU
		{45B2B857-9F5C-4B94-9AC9-0966248B933D}.Debug|x86.ActiveCfg = Debug|Any CPU
		{45B2B857-9F5C-4B94-9AC9-0966248B933D}.Debug|x86.Build.0 = Debug|Any CPU
		{45B2B857-9F5C-4B94-9AC9-0966248B933D}.Release|Any CPU.ActiveCfg = Release|Any CPU
		{45B2B857-9F5C-4B94-9AC9-0966248B933D}.Release|Any CPU.Build.0 = Release|Any CPU
		{45B2B857-9F5C-4B94-9AC9-0966248B933D}.Release|x64.ActiveCfg = Release|Any CPU
		{45B2B857-9F5C-4B94-9AC9-0966248B933D}.Release|x64.Build.0 = Release|Any CPU
		{45B2B857-9F5C-4B94-9AC9-0966248B933D}.Release|x86.ActiveCfg = Release|Any CPU
		{45B2B857-9F5C-4B94-9AC9-0966248B933D}.Release|x86.Build.0 = Release|Any CPU
		{8A785D81-AD44-48F8-BFCD-7527CB482D3A}.Debug|Any CPU.ActiveCfg = Debug|Any CPU
		{8A785D81-AD44-48F8-BFCD-7527CB482D3A}.Debug|Any CPU.Build.0 = Debug|Any CPU
		{8A785D81-AD44-48F8-BFCD-7527CB482D3A}.Debug|x64.ActiveCfg = Debug|Any CPU
		{8A785D81-AD44-48F8-BFCD-7527CB482D3A}.Debug|x64.Build.0 = Debug|Any CPU
		{8A785D81-AD44-48F8-BFCD-7527CB482D3A}.Debug|x86.ActiveCfg = Debug|Any CPU
		{8A785D81-AD44-48F8-BFCD-7527CB482D3A}.Debug|x86.Build.0 = Debug|Any CPU
		{8A785D81-AD44-48F8-BFCD-7527CB482D3A}.Release|Any CPU.ActiveCfg = Release|Any CPU
		{8A785D81-AD44-48F8-BFCD-7527CB482D3A}.Release|Any CPU.Build.0 = Release|Any CPU
		{8A785D81-AD44-48F8-BFCD-7527CB482D3A}.Release|x64.ActiveCfg = Release|Any CPU
		{8A785D81-AD44-48F8-BFCD-7527CB482D3A}.Release|x64.Build.0 = Release|Any CPU
		{8A785D81-AD44-48F8-BFCD-7527CB482D3A}.Release|x86.ActiveCfg = Release|Any CPU
		{8A785D81-AD44-48F8-BFCD-7527CB482D3A}.Release|x86.Build.0 = Release|Any CPU
		{462FFB0A-C205-4617-80D4-D125047BA638}.Debug|Any CPU.ActiveCfg = Debug|Any CPU
		{462FFB0A-C205-4617-80D4-D125047BA638}.Debug|Any CPU.Build.0 = Debug|Any CPU
		{462FFB0A-C205-4617-80D4-D125047BA638}.Debug|x64.ActiveCfg = Debug|Any CPU
		{462FFB0A-C205-4617-80D4-D125047BA638}.Debug|x64.Build.0 = Debug|Any CPU
		{462FFB0A-C205-4617-80D4-D125047BA638}.Debug|x86.ActiveCfg = Debug|Any CPU
		{462FFB0A-C205-4617-80D4-D125047BA638}.Debug|x86.Build.0 = Debug|Any CPU
		{462FFB0A-C205-4617-80D4-D125047BA638}.Release|Any CPU.ActiveCfg = Release|Any CPU
		{462FFB0A-C205-4617-80D4-D125047BA638}.Release|Any CPU.Build.0 = Release|Any CPU
		{462FFB0A-C205-4617-80D4-D125047BA638}.Release|x64.ActiveCfg = Release|Any CPU
		{462FFB0A-C205-4617-80D4-D125047BA638}.Release|x64.Build.0 = Release|Any CPU
		{462FFB0A-C205-4617-80D4-D125047BA638}.Release|x86.ActiveCfg = Release|Any CPU
		{462FFB0A-C205-4617-80D4-D125047BA638}.Release|x86.Build.0 = Release|Any CPU
	EndGlobalSection
	GlobalSection(SolutionProperties) = preSolution
		HideSolutionNode = FALSE
	EndGlobalSection
	GlobalSection(NestedProjects) = preSolution
		{60CB74FF-A2CC-47BC-958D-7F027BDD879D} = {827E0CD3-B72D-47B6-A68D-7590B98EB39B}
		{2703162F-7625-407D-8EE0-BFB246D4E465} = {827E0CD3-B72D-47B6-A68D-7590B98EB39B}
		{6A125FDA-D406-4AEA-9AA1-D31B2A5F971B} = {827E0CD3-B72D-47B6-A68D-7590B98EB39B}
		{48975853-639E-4C6E-851E-8D79F155E300} = {827E0CD3-B72D-47B6-A68D-7590B98EB39B}
		{7E383782-DE41-4453-B62C-F7743F310595} = {827E0CD3-B72D-47B6-A68D-7590B98EB39B}
		{3117D2B7-D013-4CDF-B38B-30EEA349F2A8} = {827E0CD3-B72D-47B6-A68D-7590B98EB39B}
		{ECCC5D57-3BE6-4B9F-9D51-661881BA0683} = {827E0CD3-B72D-47B6-A68D-7590B98EB39B}
		{E9729BBA-BE3A-4884-9CFD-5D2ACF02134F} = {827E0CD3-B72D-47B6-A68D-7590B98EB39B}
		{9CA0E613-9871-49D5-B4C4-1CFB01CC44DB} = {827E0CD3-B72D-47B6-A68D-7590B98EB39B}
		{7F7787C2-A399-46D0-A226-748DB3442789} = {827E0CD3-B72D-47B6-A68D-7590B98EB39B}
		{3A33454D-06C3-491F-B841-3DC4B06758C7} = {827E0CD3-B72D-47B6-A68D-7590B98EB39B}
		{8D73641E-B1C1-49FC-A923-388DFA6EF95C} = {827E0CD3-B72D-47B6-A68D-7590B98EB39B}
		{692DEF78-DB86-4682-BE0E-5585C5E48E3B} = {827E0CD3-B72D-47B6-A68D-7590B98EB39B}
		{45B2B857-9F5C-4B94-9AC9-0966248B933D} = {827E0CD3-B72D-47B6-A68D-7590B98EB39B}
		{8A785D81-AD44-48F8-BFCD-7527CB482D3A} = {0AB3BF05-4346-4AA6-1389-037BE0695223}
		{462FFB0A-C205-4617-80D4-D125047BA638} = {0AB3BF05-4346-4AA6-1389-037BE0695223}
	EndGlobalSection
EndGlobal
